// !$*UTF8*$!
{
	archiveVersion = 1;
	classes = {
	};
	objectVersion = 56;
	objects = {

/* Begin PBXBuildFile section */
		DC1D85062AB94F0E00A6427C /* Pods_wiDash.framework in Frameworks */ = {isa = PBXBuildFile; fileRef = 908D17304ED4C2E4ADF0B410 /* Pods_wiDash.framework */; };
		DC23A6032AE2B9EF0080B3AC /* DonutChartView.swift in Sources */ = {isa = PBXBuildFile; fileRef = DC23A6022AE2B9EF0080B3AC /* DonutChartView.swift */; };
		DC23A6052AE2C00C0080B3AC /* so01Parse.swift in Sources */ = {isa = PBXBuildFile; fileRef = DC23A6042AE2C00C0080B3AC /* so01Parse.swift */; };
		DC23A6092AEB39130080B3AC /* sdbParse.swift in Sources */ = {isa = PBXBuildFile; fileRef = DC23A6082AEB39130080B3AC /* sdbParse.swift */; };
		DC23A60D2AEB3CB40080B3AC /* dispatchPopup.swift in Sources */ = {isa = PBXBuildFile; fileRef = DC23A60C2AEB3CB40080B3AC /* dispatchPopup.swift */; };
		DC23A60F2AEC076B0080B3AC /* wp02Popup.swift in Sources */ = {isa = PBXBuildFile; fileRef = DC23A60E2AEC076B0080B3AC /* wp02Popup.swift */; };
		DC23A6112AECC6B80080B3AC /* wp02Parse.swift in Sources */ = {isa = PBXBuildFile; fileRef = DC23A6102AECC6B80080B3AC /* wp02Parse.swift */; };
		DC6F4C932AE26E23001FDBC5 /* newLoader.swift in Sources */ = {isa = PBXBuildFile; fileRef = DC6F4C922AE26E23001FDBC5 /* newLoader.swift */; };
		DCB505012AB83FC3008F6CF0 /* wiDashApp.swift in Sources */ = {isa = PBXBuildFile; fileRef = DCB505002AB83FC3008F6CF0 /* wiDashApp.swift */; };
		DCB505032AB83FC3008F6CF0 /* ContentView.swift in Sources */ = {isa = PBXBuildFile; fileRef = DCB505022AB83FC3008F6CF0 /* ContentView.swift */; };
		DCB505052AB83FC4008F6CF0 /* Assets.xcassets in Resources */ = {isa = PBXBuildFile; fileRef = DCB505042AB83FC4008F6CF0 /* Assets.xcassets */; };
		DCB505082AB83FC4008F6CF0 /* Preview Assets.xcassets in Resources */ = {isa = PBXBuildFile; fileRef = DCB505072AB83FC4008F6CF0 /* Preview Assets.xcassets */; };
		DCC904482AF4FFDE003288CF /* depalPopup.swift in Sources */ = {isa = PBXBuildFile; fileRef = DCC904472AF4FFDE003288CF /* depalPopup.swift */; };
/* End PBXBuildFile section */

/* Begin PBXFileReference section */
		4D0D07E3E8A3E821E5EFE378 /* Pods-wiDash.release.xcconfig */ = {isa = PBXFileReference; includeInIndex = 1; lastKnownFileType = text.xcconfig; name = "Pods-wiDash.release.xcconfig"; path = "Target Support Files/Pods-wiDash/Pods-wiDash.release.xcconfig"; sourceTree = "<group>"; };
		5FB69420FF5447E18219A091 /* Pods-wiDash.debug.xcconfig */ = {isa = PBXFileReference; includeInIndex = 1; lastKnownFileType = text.xcconfig; name = "Pods-wiDash.debug.xcconfig"; path = "Target Support Files/Pods-wiDash/Pods-wiDash.debug.xcconfig"; sourceTree = "<group>"; };
		908D17304ED4C2E4ADF0B410 /* Pods_wiDash.framework */ = {isa = PBXFileReference; explicitFileType = wrapper.framework; includeInIndex = 0; path = Pods_wiDash.framework; sourceTree = BUILT_PRODUCTS_DIR; };
		DC0DA3672AB8EAA8001F0D8D /* MailCore2_bridge.h */ = {isa = PBXFileReference; lastKnownFileType = sourcecode.c.h; path = MailCore2_bridge.h; sourceTree = "<group>"; };
		DC1D84FD2AB9491B00A6427C /* Network.framework */ = {isa = PBXFileReference; lastKnownFileType = wrapper.framework; name = Network.framework; path = System/Library/Frameworks/Network.framework; sourceTree = SDKROOT; };
		DC1D85052AB949EE00A6427C /* MailCore.h */ = {isa = PBXFileReference; lastKnownFileType = sourcecode.c.h; name = MailCore.h; path = "Pods/mailcore2-ios/cocoapods-build/include/MailCore/MailCore.h"; sourceTree = "<group>"; };
		DC23A6022AE2B9EF0080B3AC /* DonutChartView.swift */ = {isa = PBXFileReference; lastKnownFileType = sourcecode.swift; path = DonutChartView.swift; sourceTree = "<group>"; };
		DC23A6042AE2C00C0080B3AC /* so01Parse.swift */ = {isa = PBXFileReference; lastKnownFileType = sourcecode.swift; path = so01Parse.swift; sourceTree = "<group>"; };
		DC23A6082AEB39130080B3AC /* sdbParse.swift */ = {isa = PBXFileReference; lastKnownFileType = sourcecode.swift; path = sdbParse.swift; sourceTree = "<group>"; };
		DC23A60C2AEB3CB40080B3AC /* dispatchPopup.swift */ = {isa = PBXFileReference; lastKnownFileType = sourcecode.swift; path = dispatchPopup.swift; sourceTree = "<group>"; };
		DC23A60E2AEC076B0080B3AC /* wp02Popup.swift */ = {isa = PBXFileReference; lastKnownFileType = sourcecode.swift; path = wp02Popup.swift; sourceTree = "<group>"; };
		DC23A6102AECC6B80080B3AC /* wp02Parse.swift */ = {isa = PBXFileReference; lastKnownFileType = sourcecode.swift; path = wp02Parse.swift; sourceTree = "<group>"; };
		DC6F4C912AD530CE001FDBC5 /* teste.swift */ = {isa = PBXFileReference; lastKnownFileType = sourcecode.swift; path = teste.swift; sourceTree = "<group>"; };
		DC6F4C922AE26E23001FDBC5 /* newLoader.swift */ = {isa = PBXFileReference; lastKnownFileType = sourcecode.swift; path = newLoader.swift; sourceTree = "<group>"; };
		DCB504FD2AB83FC3008F6CF0 /* wiDash.app */ = {isa = PBXFileReference; explicitFileType = wrapper.application; includeInIndex = 0; path = wiDash.app; sourceTree = BUILT_PRODUCTS_DIR; };
		DCB505002AB83FC3008F6CF0 /* wiDashApp.swift */ = {isa = PBXFileReference; lastKnownFileType = sourcecode.swift; path = wiDashApp.swift; sourceTree = "<group>"; };
		DCB505022AB83FC3008F6CF0 /* ContentView.swift */ = {isa = PBXFileReference; lastKnownFileType = sourcecode.swift; path = ContentView.swift; sourceTree = "<group>"; };
		DCB505042AB83FC4008F6CF0 /* Assets.xcassets */ = {isa = PBXFileReference; lastKnownFileType = folder.assetcatalog; path = Assets.xcassets; sourceTree = "<group>"; };
		DCB505072AB83FC4008F6CF0 /* Preview Assets.xcassets */ = {isa = PBXFileReference; lastKnownFileType = folder.assetcatalog; path = "Preview Assets.xcassets"; sourceTree = "<group>"; };
		DCC904472AF4FFDE003288CF /* depalPopup.swift */ = {isa = PBXFileReference; lastKnownFileType = sourcecode.swift; path = depalPopup.swift; sourceTree = "<group>"; };
/* End PBXFileReference section */

/* Begin PBXFrameworksBuildPhase section */
		DCB504FA2AB83FC3008F6CF0 /* Frameworks */ = {
			isa = PBXFrameworksBuildPhase;
			buildActionMask = 2147483647;
			files = (
				DC1D85062AB94F0E00A6427C /* Pods_wiDash.framework in Frameworks */,
			);
			runOnlyForDeploymentPostprocessing = 0;
		};
/* End PBXFrameworksBuildPhase section */

/* Begin PBXGroup section */
		57C041FF13A8F0B7EC6897BF /* Frameworks */ = {
			isa = PBXGroup;
			children = (
				DC1D85052AB949EE00A6427C /* MailCore.h */,
				DC1D84FD2AB9491B00A6427C /* Network.framework */,
				908D17304ED4C2E4ADF0B410 /* Pods_wiDash.framework */,
			);
			name = Frameworks;
			sourceTree = "<group>";
		};
		D32D1D4C2938B4086A439797 /* Pods */ = {
			isa = PBXGroup;
			children = (
				5FB69420FF5447E18219A091 /* Pods-wiDash.debug.xcconfig */,
				4D0D07E3E8A3E821E5EFE378 /* Pods-wiDash.release.xcconfig */,
			);
			path = Pods;
			sourceTree = "<group>";
		};
		DCB504F42AB83FC3008F6CF0 = {
			isa = PBXGroup;
			children = (
				DCB504FF2AB83FC3008F6CF0 /* wiDash */,
				DCB504FE2AB83FC3008F6CF0 /* Products */,
				D32D1D4C2938B4086A439797 /* Pods */,
				57C041FF13A8F0B7EC6897BF /* Frameworks */,
			);
			sourceTree = "<group>";
		};
		DCB504FE2AB83FC3008F6CF0 /* Products */ = {
			isa = PBXGroup;
			children = (
				DCB504FD2AB83FC3008F6CF0 /* wiDash.app */,
			);
			name = Products;
			sourceTree = "<group>";
		};
		DCB504FF2AB83FC3008F6CF0 /* wiDash */ = {
			isa = PBXGroup;
			children = (
				DCB505002AB83FC3008F6CF0 /* wiDashApp.swift */,
				DC6F4C922AE26E23001FDBC5 /* newLoader.swift */,
				DC23A6042AE2C00C0080B3AC /* so01Parse.swift */,
				DCB505022AB83FC3008F6CF0 /* ContentView.swift */,
				DC23A6022AE2B9EF0080B3AC /* DonutChartView.swift */,
				DCB505042AB83FC4008F6CF0 /* Assets.xcassets */,
				DCB505062AB83FC4008F6CF0 /* Preview Content */,
				DC0DA3672AB8EAA8001F0D8D /* MailCore2_bridge.h */,
				DC6F4C912AD530CE001FDBC5 /* teste.swift */,
				DC23A6082AEB39130080B3AC /* sdbParse.swift */,
				DC23A60C2AEB3CB40080B3AC /* dispatchPopup.swift */,
				DC23A60E2AEC076B0080B3AC /* wp02Popup.swift */,
				DC23A6102AECC6B80080B3AC /* wp02Parse.swift */,
				DCC904472AF4FFDE003288CF /* depalPopup.swift */,
			);
			path = wiDash;
			sourceTree = "<group>";
		};
		DCB505062AB83FC4008F6CF0 /* Preview Content */ = {
			isa = PBXGroup;
			children = (
				DCB505072AB83FC4008F6CF0 /* Preview Assets.xcassets */,
			);
			path = "Preview Content";
			sourceTree = "<group>";
		};
/* End PBXGroup section */

/* Begin PBXNativeTarget section */
		DCB504FC2AB83FC3008F6CF0 /* wiDash */ = {
			isa = PBXNativeTarget;
			buildConfigurationList = DCB5050B2AB83FC4008F6CF0 /* Build configuration list for PBXNativeTarget "wiDash" */;
			buildPhases = (
				39A4A0552180D269D116CDC5 /* [CP] Check Pods Manifest.lock */,
				DCB504F92AB83FC3008F6CF0 /* Sources */,
				DCB504FA2AB83FC3008F6CF0 /* Frameworks */,
				DCB504FB2AB83FC3008F6CF0 /* Resources */,
			);
			buildRules = (
			);
			dependencies = (
			);
			name = wiDash;
			productName = wiDash;
			productReference = DCB504FD2AB83FC3008F6CF0 /* wiDash.app */;
			productType = "com.apple.product-type.application";
		};
/* End PBXNativeTarget section */

/* Begin PBXProject section */
		DCB504F52AB83FC3008F6CF0 /* Project object */ = {
			isa = PBXProject;
			attributes = {
				BuildIndependentTargetsInParallel = 1;
				KnownAssetTags = (
					New,
				);
				LastSwiftUpdateCheck = 1340;
				LastUpgradeCheck = 1340;
				TargetAttributes = {
					DCB504FC2AB83FC3008F6CF0 = {
						CreatedOnToolsVersion = 13.4.1;
					};
				};
			};
			buildConfigurationList = DCB504F82AB83FC3008F6CF0 /* Build configuration list for PBXProject "wiDash" */;
			compatibilityVersion = "Xcode 14.0";
			developmentRegion = en;
			hasScannedForEncodings = 0;
			knownRegions = (
				en,
				Base,
			);
			mainGroup = DCB504F42AB83FC3008F6CF0;
			productRefGroup = DCB504FE2AB83FC3008F6CF0 /* Products */;
			projectDirPath = "";
			projectRoot = "";
			targets = (
				DCB504FC2AB83FC3008F6CF0 /* wiDash */,
			);
		};
/* End PBXProject section */

/* Begin PBXResourcesBuildPhase section */
		DCB504FB2AB83FC3008F6CF0 /* Resources */ = {
			isa = PBXResourcesBuildPhase;
			buildActionMask = 2147483647;
			files = (
				DCB505082AB83FC4008F6CF0 /* Preview Assets.xcassets in Resources */,
				DCB505052AB83FC4008F6CF0 /* Assets.xcassets in Resources */,
			);
			runOnlyForDeploymentPostprocessing = 0;
		};
/* End PBXResourcesBuildPhase section */

/* Begin PBXShellScriptBuildPhase section */
		39A4A0552180D269D116CDC5 /* [CP] Check Pods Manifest.lock */ = {
			isa = PBXShellScriptBuildPhase;
			buildActionMask = 2147483647;
			files = (
			);
			inputFileListPaths = (
			);
			inputPaths = (
				"${PODS_PODFILE_DIR_PATH}/Podfile.lock",
				"${PODS_ROOT}/Manifest.lock",
			);
			name = "[CP] Check Pods Manifest.lock";
			outputFileListPaths = (
			);
			outputPaths = (
				"$(DERIVED_FILE_DIR)/Pods-wiDash-checkManifestLockResult.txt",
			);
			runOnlyForDeploymentPostprocessing = 0;
			shellPath = /bin/sh;
			shellScript = "diff \"${PODS_PODFILE_DIR_PATH}/Podfile.lock\" \"${PODS_ROOT}/Manifest.lock\" > /dev/null\nif [ $? != 0 ] ; then\n    # print error to STDERR\n    echo \"error: The sandbox is not in sync with the Podfile.lock. Run 'pod install' or update your CocoaPods installation.\" >&2\n    exit 1\nfi\n# This output is used by Xcode 'outputs' to avoid re-running this script phase.\necho \"SUCCESS\" > \"${SCRIPT_OUTPUT_FILE_0}\"\n";
			showEnvVarsInLog = 0;
		};
/* End PBXShellScriptBuildPhase section */

/* Begin PBXSourcesBuildPhase section */
		DCB504F92AB83FC3008F6CF0 /* Sources */ = {
			isa = PBXSourcesBuildPhase;
			buildActionMask = 2147483647;
			files = (
				DCB505032AB83FC3008F6CF0 /* ContentView.swift in Sources */,
				DC6F4C932AE26E23001FDBC5 /* newLoader.swift in Sources */,
				DC23A6032AE2B9EF0080B3AC /* DonutChartView.swift in Sources */,
				DCC904482AF4FFDE003288CF /* depalPopup.swift in Sources */,
				DC23A6112AECC6B80080B3AC /* wp02Parse.swift in Sources */,
				DC23A6052AE2C00C0080B3AC /* so01Parse.swift in Sources */,
				DC23A60D2AEB3CB40080B3AC /* dispatchPopup.swift in Sources */,
				DCB505012AB83FC3008F6CF0 /* wiDashApp.swift in Sources */,
				DC23A6092AEB39130080B3AC /* sdbParse.swift in Sources */,
				DC23A60F2AEC076B0080B3AC /* wp02Popup.swift in Sources */,
			);
			runOnlyForDeploymentPostprocessing = 0;
		};
/* End PBXSourcesBuildPhase section */

/* Begin XCBuildConfiguration section */
		DCB505092AB83FC4008F6CF0 /* Debug */ = {
			isa = XCBuildConfiguration;
			buildSettings = {
				ALWAYS_SEARCH_USER_PATHS = NO;
				CLANG_ANALYZER_NONNULL = YES;
				CLANG_ANALYZER_NUMBER_OBJECT_CONVERSION = YES_AGGRESSIVE;
				CLANG_CXX_LANGUAGE_STANDARD = "gnu++17";
				CLANG_ENABLE_MODULES = YES;
				CLANG_ENABLE_OBJC_ARC = YES;
				CLANG_ENABLE_OBJC_WEAK = YES;
				CLANG_WARN_BLOCK_CAPTURE_AUTORELEASING = YES;
				CLANG_WARN_BOOL_CONVERSION = YES;
				CLANG_WARN_COMMA = YES;
				CLANG_WARN_CONSTANT_CONVERSION = YES;
				CLANG_WARN_DEPRECATED_OBJC_IMPLEMENTATIONS = YES;
				CLANG_WARN_DIRECT_OBJC_ISA_USAGE = YES_ERROR;
				CLANG_WARN_DOCUMENTATION_COMMENTS = YES;
				CLANG_WARN_EMPTY_BODY = YES;
				CLANG_WARN_ENUM_CONVERSION = YES;
				CLANG_WARN_INFINITE_RECURSION = YES;
				CLANG_WARN_INT_CONVERSION = YES;
				CLANG_WARN_NON_LITERAL_NULL_CONVERSION = YES;
				CLANG_WARN_OBJC_IMPLICIT_RETAIN_SELF = YES;
				CLANG_WARN_OBJC_LITERAL_CONVERSION = YES;
				CLANG_WARN_OBJC_ROOT_CLASS = YES_ERROR;
				CLANG_WARN_QUOTED_INCLUDE_IN_FRAMEWORK_HEADER = YES;
				CLANG_WARN_RANGE_LOOP_ANALYSIS = YES;
				CLANG_WARN_STRICT_PROTOTYPES = YES;
				CLANG_WARN_SUSPICIOUS_MOVE = YES;
				CLANG_WARN_UNGUARDED_AVAILABILITY = YES_AGGRESSIVE;
				CLANG_WARN_UNREACHABLE_CODE = YES;
				CLANG_WARN__DUPLICATE_METHOD_MATCH = YES;
				COPY_PHASE_STRIP = NO;
				DEBUG_INFORMATION_FORMAT = dwarf;
				ENABLE_STRICT_OBJC_MSGSEND = YES;
				ENABLE_TESTABILITY = YES;
				GCC_C_LANGUAGE_STANDARD = gnu11;
				GCC_DYNAMIC_NO_PIC = NO;
				GCC_NO_COMMON_BLOCKS = YES;
				GCC_OPTIMIZATION_LEVEL = 0;
				GCC_PREPROCESSOR_DEFINITIONS = (
					"DEBUG=1",
					"$(inherited)",
				);
				GCC_WARN_64_TO_32_BIT_CONVERSION = YES;
				GCC_WARN_ABOUT_RETURN_TYPE = YES_ERROR;
				GCC_WARN_UNDECLARED_SELECTOR = YES;
				GCC_WARN_UNINITIALIZED_AUTOS = YES_AGGRESSIVE;
				GCC_WARN_UNUSED_FUNCTION = YES;
				GCC_WARN_UNUSED_VARIABLE = YES;
				IPHONEOS_DEPLOYMENT_TARGET = 15.5;
				MTL_ENABLE_DEBUG_INFO = INCLUDE_SOURCE;
				MTL_FAST_MATH = YES;
				ONLY_ACTIVE_ARCH = YES;
				SDKROOT = iphoneos;
				SWIFT_ACTIVE_COMPILATION_CONDITIONS = DEBUG;
				SWIFT_OPTIMIZATION_LEVEL = "-Onone";
			};
			name = Debug;
		};
		DCB5050A2AB83FC4008F6CF0 /* Release */ = {
			isa = XCBuildConfiguration;
			buildSettings = {
				ALWAYS_SEARCH_USER_PATHS = NO;
				CLANG_ANALYZER_NONNULL = YES;
				CLANG_ANALYZER_NUMBER_OBJECT_CONVERSION = YES_AGGRESSIVE;
				CLANG_CXX_LANGUAGE_STANDARD = "gnu++17";
				CLANG_ENABLE_MODULES = YES;
				CLANG_ENABLE_OBJC_ARC = YES;
				CLANG_ENABLE_OBJC_WEAK = YES;
				CLANG_WARN_BLOCK_CAPTURE_AUTORELEASING = YES;
				CLANG_WARN_BOOL_CONVERSION = YES;
				CLANG_WARN_COMMA = YES;
				CLANG_WARN_CONSTANT_CONVERSION = YES;
				CLANG_WARN_DEPRECATED_OBJC_IMPLEMENTATIONS = YES;
				CLANG_WARN_DIRECT_OBJC_ISA_USAGE = YES_ERROR;
				CLANG_WARN_DOCUMENTATION_COMMENTS = YES;
				CLANG_WARN_EMPTY_BODY = YES;
				CLANG_WARN_ENUM_CONVERSION = YES;
				CLANG_WARN_INFINITE_RECURSION = YES;
				CLANG_WARN_INT_CONVERSION = YES;
				CLANG_WARN_NON_LITERAL_NULL_CONVERSION = YES;
				CLANG_WARN_OBJC_IMPLICIT_RETAIN_SELF = YES;
				CLANG_WARN_OBJC_LITERAL_CONVERSION = YES;
				CLANG_WARN_OBJC_ROOT_CLASS = YES_ERROR;
				CLANG_WARN_QUOTED_INCLUDE_IN_FRAMEWORK_HEADER = YES;
				CLANG_WARN_RANGE_LOOP_ANALYSIS = YES;
				CLANG_WARN_STRICT_PROTOTYPES = YES;
				CLANG_WARN_SUSPICIOUS_MOVE = YES;
				CLANG_WARN_UNGUARDED_AVAILABILITY = YES_AGGRESSIVE;
				CLANG_WARN_UNREACHABLE_CODE = YES;
				CLANG_WARN__DUPLICATE_METHOD_MATCH = YES;
				COPY_PHASE_STRIP = NO;
				DEBUG_INFORMATION_FORMAT = "dwarf-with-dsym";
				ENABLE_NS_ASSERTIONS = NO;
				ENABLE_STRICT_OBJC_MSGSEND = YES;
				GCC_C_LANGUAGE_STANDARD = gnu11;
				GCC_NO_COMMON_BLOCKS = YES;
				GCC_WARN_64_TO_32_BIT_CONVERSION = YES;
				GCC_WARN_ABOUT_RETURN_TYPE = YES_ERROR;
				GCC_WARN_UNDECLARED_SELECTOR = YES;
				GCC_WARN_UNINITIALIZED_AUTOS = YES_AGGRESSIVE;
				GCC_WARN_UNUSED_FUNCTION = YES;
				GCC_WARN_UNUSED_VARIABLE = YES;
				IPHONEOS_DEPLOYMENT_TARGET = 15.5;
				MTL_ENABLE_DEBUG_INFO = NO;
				MTL_FAST_MATH = YES;
				SDKROOT = iphoneos;
				SWIFT_COMPILATION_MODE = wholemodule;
				SWIFT_OPTIMIZATION_LEVEL = "-O";
				VALIDATE_PRODUCT = YES;
			};
			name = Release;
		};
		DCB5050C2AB83FC4008F6CF0 /* Debug */ = {
			isa = XCBuildConfiguration;
			baseConfigurationReference = 5FB69420FF5447E18219A091 /* Pods-wiDash.debug.xcconfig */;
			buildSettings = {
				ASSETCATALOG_COMPILER_APPICON_NAME = AppIcon;
				ASSETCATALOG_COMPILER_GLOBAL_ACCENT_COLOR_NAME = AccentColor;
				CODE_SIGN_STYLE = Automatic;
				CURRENT_PROJECT_VERSION = 1;
				DEVELOPMENT_ASSET_PATHS = "\"wiDash/Preview Content\"";
				DEVELOPMENT_TEAM = 8372VJBM73;
				ENABLE_PREVIEWS = YES;
				GENERATE_INFOPLIST_FILE = YES;
				HEADER_SEARCH_PATHS = (
					"$(inherited)",
					"\"${PODS_ROOT}/Headers/Public\"",
					"\"${PODS_ROOT}/Headers/Public/mailcore2-ios\"",
					"\"${PODS_ROOT}/Headers/Public/mailcore2-ios/MailCore\"",
				);
				INFOPLIST_KEY_UIApplicationSceneManifest_Generation = YES;
				INFOPLIST_KEY_UIApplicationSupportsIndirectInputEvents = YES;
				INFOPLIST_KEY_UILaunchScreen_Generation = YES;
				INFOPLIST_KEY_UISupportedInterfaceOrientations_iPad = "UIInterfaceOrientationPortrait UIInterfaceOrientationPortraitUpsideDown UIInterfaceOrientationLandscapeLeft UIInterfaceOrientationLandscapeRight";
				INFOPLIST_KEY_UISupportedInterfaceOrientations_iPhone = "UIInterfaceOrientationPortrait UIInterfaceOrientationLandscapeLeft UIInterfaceOrientationLandscapeRight";
				IPHONEOS_DEPLOYMENT_TARGET = 15.6;
				LD_RUNPATH_SEARCH_PATHS = (
					"$(inherited)",
					"@executable_path/Frameworks",
				);
				MARKETING_VERSION = 1.0;
				PRODUCT_BUNDLE_IDENTIFIER = com.pooman.wiDash;
				PRODUCT_NAME = "$(TARGET_NAME)";
				SWIFT_EMIT_LOC_STRINGS = YES;
				SWIFT_OBJC_BRIDGING_HEADER = /Users/peterxie/Desktop/wiDash/wiDash/MailCore2_bridge.h;
				SWIFT_VERSION = 5.0;
				TARGETED_DEVICE_FAMILY = "1,2";
			};
			name = Debug;
		};
		DCB5050D2AB83FC4008F6CF0 /* Release */ = {
			isa = XCBuildConfiguration;
			baseConfigurationReference = 4D0D07E3E8A3E821E5EFE378 /* Pods-wiDash.release.xcconfig */;
			buildSettings = {
				ASSETCATALOG_COMPILER_APPICON_NAME = AppIcon;
				ASSETCATALOG_COMPILER_GLOBAL_ACCENT_COLOR_NAME = AccentColor;
				CODE_SIGN_STYLE = Automatic;
				CURRENT_PROJECT_VERSION = 1;
				DEVELOPMENT_ASSET_PATHS = "\"wiDash/Preview Content\"";
				DEVELOPMENT_TEAM = 8372VJBM73;
				ENABLE_PREVIEWS = YES;
				GENERATE_INFOPLIST_FILE = YES;
				HEADER_SEARCH_PATHS = (
					"$(inherited)",
					"\"${PODS_ROOT}/Headers/Public\"",
					"\"${PODS_ROOT}/Headers/Public/mailcore2-ios\"",
					"\"${PODS_ROOT}/Headers/Public/mailcore2-ios/MailCore\"",
				);
				INFOPLIST_KEY_UIApplicationSceneManifest_Generation = YES;
				INFOPLIST_KEY_UIApplicationSupportsIndirectInputEvents = YES;
				INFOPLIST_KEY_UILaunchScreen_Generation = YES;
				INFOPLIST_KEY_UISupportedInterfaceOrientations_iPad = "UIInterfaceOrientationPortrait UIInterfaceOrientationPortraitUpsideDown UIInterfaceOrientationLandscapeLeft UIInterfaceOrientationLandscapeRight";
				INFOPLIST_KEY_UISupportedInterfaceOrientations_iPhone = "UIInterfaceOrientationPortrait UIInterfaceOrientationLandscapeLeft UIInterfaceOrientationLandscapeRight";
				IPHONEOS_DEPLOYMENT_TARGET = 15.6;
				LD_RUNPATH_SEARCH_PATHS = (
					"$(inherited)",
					"@executable_path/Frameworks",
				);
				MARKETING_VERSION = 1.0;
				PRODUCT_BUNDLE_IDENTIFIER = com.pooman.wiDash;
				PRODUCT_NAME = "$(TARGET_NAME)";
				SWIFT_EMIT_LOC_STRINGS = YES;
				SWIFT_OBJC_BRIDGING_HEADER = /Users/peterxie/Desktop/wiDash/wiDash/MailCore2_bridge.h;
				SWIFT_VERSION = 5.0;
				TARGETED_DEVICE_FAMILY = "1,2";
			};
			name = Release;
		};
/* End XCBuildConfiguration section */

/* Begin XCConfigurationList section */
		DCB504F82AB83FC3008F6CF0 /* Build configuration list for PBXProject "wiDash" */ = {
			isa = XCConfigurationList;
			buildConfigurations = (
				DCB505092AB83FC4008F6CF0 /* Debug */,
				DCB5050A2AB83FC4008F6CF0 /* Release */,
			);
			defaultConfigurationIsVisible = 0;
			defaultConfigurationName = Release;
		};
		DCB5050B2AB83FC4008F6CF0 /* Build configuration list for PBXNativeTarget "wiDash" */ = {
			isa = XCConfigurationList;
			buildConfigurations = (
				DCB5050C2AB83FC4008F6CF0 /* Debug */,
				DCB5050D2AB83FC4008F6CF0 /* Release */,
			);
			defaultConfigurationIsVisible = 0;
			defaultConfigurationName = Release;
		};
/* End XCConfigurationList section */
	};
	rootObject = DCB504F52AB83FC3008F6CF0 /* Project object */;
}
